{
  "name": "PDI",
  "version": "0.0.0",
  "lockfileVersion": 3,
  "requires": true,
  "packages": {
    "": {
      "dependencies": {
        "@angular/core": "^16.0.1",
        "@angular/forms": "^16.0.1",
        "@angular/platform-browser": "^16.0.1",
        "@angular/router": "^16.0.1",
        "primeflex": "^3.3.0",
        "primeicons": "^6.0.1",
        "primeng": "^16.0.0-rc.1"
      }
    },
    "node_modules/@angular/core": {
      "version": "16.0.1",
      "resolved": "https://registry.npmjs.org/@angular/core/-/core-16.0.1.tgz",
      "integrity": "sha512-3s4XBbzWgyWcjI0WFlNDKRxsbm4J+OKIL4mJCM9r8gWwno9y0K/giziAm9YMIJ4VOBIvrcMbOh85o44FCk8cRA==",
      "dependencies": {
        "tslib": "^2.3.0"
      },
      "engines": {
        "node": "^16.14.0 || >=18.10.0"
      },
      "peerDependencies": {
        "rxjs": "^6.5.3 || ^7.4.0",
        "zone.js": "~0.13.0"
      }
    },
    "node_modules/@angular/forms": {
      "version": "16.0.1",
      "resolved": "https://registry.npmjs.org/@angular/forms/-/forms-16.0.1.tgz",
      "integrity": "sha512-VbH/YnEBau0q97zI7BjSk0pu/i2S0Y/zmhvA2wgI2CCvtbqT6hCNdE/3rW6ZFBcnuCe+dFhuchXe6dX28epsvg==",
      "dependencies": {
        "tslib": "^2.3.0"
      },
      "engines": {
        "node": "^16.14.0 || >=18.10.0"
      },
      "peerDependencies": {
        "@angular/common": "16.0.1",
        "@angular/core": "16.0.1",
        "@angular/platform-browser": "16.0.1",
        "rxjs": "^6.5.3 || ^7.4.0"
      }
    },
    "node_modules/@angular/platform-browser": {
      "version": "16.0.1",
      "resolved": "https://registry.npmjs.org/@angular/platform-browser/-/platform-browser-16.0.1.tgz",
      "integrity": "sha512-7XLIOnTnGDJLE4Q0zBz6eI9q5V3NnsTAJqIICJHc4gk6jNgVz90gtejAQ4EFbo0d83XGzwFL22hxID5Dj1WRIA==",
      "dependencies": {
        "tslib": "^2.3.0"
      },
      "engines": {
        "node": "^16.14.0 || >=18.10.0"
      },
      "peerDependencies": {
        "@angular/animations": "16.0.1",
        "@angular/common": "16.0.1",
        "@angular/core": "16.0.1"
      },
      "peerDependenciesMeta": {
        "@angular/animations": {
          "optional": true
        }
      }
    },
    "node_modules/@angular/router": {
      "version": "16.0.1",
      "resolved": "https://registry.npmjs.org/@angular/router/-/router-16.0.1.tgz",
      "integrity": "sha512-4GH0SxPbuY08B/M0f3NEHf9yIFH+D3wlzWJHI75chfdqQ8gGAMG6B6PSmo3haicDxHcSnZTYNJXDLOQvaBAHcA==",
      "dependencies": {
        "tslib": "^2.3.0"
      },
      "engines": {
        "node": "^16.14.0 || >=18.10.0"
      },
      "peerDependencies": {
        "@angular/common": "16.0.1",
        "@angular/core": "16.0.1",
        "@angular/platform-browser": "16.0.1",
        "rxjs": "^6.5.3 || ^7.4.0"
      }
    },
    "node_modules/primeflex": {
      "version": "3.3.0",
      "resolved": "https://registry.npmjs.org/primeflex/-/primeflex-3.3.0.tgz",
      "integrity": "sha512-4hvyIO7lERN5bnyURn67Qpozghins8Jq/GSXO6tymc3oa2ADHWuiYBti8ZptPwHu+uD/HTEisS26NEmeIGfPZQ=="
    },
    "node_modules/primeicons": {
      "version": "6.0.1",
      "resolved": "https://registry.npmjs.org/primeicons/-/primeicons-6.0.1.tgz",
      "integrity": "sha512-KDeO94CbWI4pKsPnYpA1FPjo79EsY9I+M8ywoPBSf9XMXoe/0crjbUK7jcQEDHuc0ZMRIZsxH3TYLv4TUtHmAA=="
    },
    "node_modules/primeng": {
      "version": "16.0.0-rc.1",
      "resolved": "https://registry.npmjs.org/primeng/-/primeng-16.0.0-rc.1.tgz",
      "integrity": "sha512-IJZFG+geLeA26rbL9MjiuIE6C/zUiwyNRgkx7f4w0OzpGw+Z0n4sHPxU5ZuCngV21T6SHLRUfsb7/HtaJSw2Pw==",
      "dependencies": {
        "tslib": "^2.3.0"
      },
      "peerDependencies": {
        "@angular/common": "~16.0.0",
        "@angular/core": "~16.0.0",
        "@angular/forms": "~16.0.0",
        "rxjs": "^6.0.0 || ^7.5.0",
        "zone.js": "~0.13.0"
      }
    },
    "node_modules/tslib": {
      "version": "2.5.0",
      "resolved": "https://registry.npmjs.org/tslib/-/tslib-2.5.0.tgz",
      "integrity": "sha512-336iVw3rtn2BUK7ORdIAHTyxHGRIHVReokCR3XjbckJMK7ms8FysBfhLR8IXnAgy7T0PTPNBWKiH514FOW/WSg=="
    }
  }
}
